// !$*UTF8*$!
{
	archiveVersion = 1;
	classes = {
	};
	objectVersion = 77;
	objects = {

/* Begin PBXBuildFile section */
		7AD14BD02E0AE63F00834929 /* WidgetKit.framework in Frameworks */ = {isa = PBXBuildFile; fileRef = 7AD14BCF2E0AE63F00834929 /* WidgetKit.framework */; };
		7AD14BD22E0AE63F00834929 /* SwiftUI.framework in Frameworks */ = {isa = PBXBuildFile; fileRef = 7AD14BD12E0AE63F00834929 /* SwiftUI.framework */; };
		7AD14BE32E0AE63F00834929 /* BalanceWidgetExtension.appex in Embed Foundation Extensions */ = {isa = PBXBuildFile; fileRef = 7AD14BCD2E0AE63F00834929 /* BalanceWidgetExtension.appex */; settings = {ATTRIBUTES = (RemoveHeadersOnCopy, ); }; };
		7AD14BEB2E0AE80900834929 /* WidgetKit.framework in Frameworks */ = {isa = PBXBuildFile; fileRef = 7AD14BCF2E0AE63F00834929 /* WidgetKit.framework */; };
/* End PBXBuildFile section */

/* Begin PBXContainerItemProxy section */
		7A9B39652DAD883300A7693B /* PBXContainerItemProxy */ = {
			isa = PBXContainerItemProxy;
			containerPortal = 7A9B394C2DAD883100A7693B /* Project object */;
			proxyType = 1;
			remoteGlobalIDString = 7A9B39532DAD883100A7693B;
			remoteInfo = StudentFinanceTracker;
		};
		7A9B396F2DAD883300A7693B /* PBXContainerItemProxy */ = {
			isa = PBXContainerItemProxy;
			containerPortal = 7A9B394C2DAD883100A7693B /* Project object */;
			proxyType = 1;
			remoteGlobalIDString = 7A9B39532DAD883100A7693B;
			remoteInfo = StudentFinanceTracker;
		};
		7AD14BE12E0AE63F00834929 /* PBXContainerItemProxy */ = {
			isa = PBXContainerItemProxy;
			containerPortal = 7A9B394C2DAD883100A7693B /* Project object */;
			proxyType = 1;
			remoteGlobalIDString = 7AD14BCC2E0AE63F00834929;
			remoteInfo = BalanceWidgetExtension;
		};
/* End PBXContainerItemProxy section */

/* Begin PBXCopyFilesBuildPhase section */
		7AD14BE42E0AE63F00834929 /* Embed Foundation Extensions */ = {
			isa = PBXCopyFilesBuildPhase;
			buildActionMask = 2147483647;
			dstPath = "";
			dstSubfolderSpec = 13;
			files = (
				7AD14BE32E0AE63F00834929 /* BalanceWidgetExtension.appex in Embed Foundation Extensions */,
			);
			name = "Embed Foundation Extensions";
			runOnlyForDeploymentPostprocessing = 0;
		};
/* End PBXCopyFilesBuildPhase section */

/* Begin PBXFileReference section */
		7A9B39542DAD883100A7693B /* StudentFinanceTracker.app */ = {isa = PBXFileReference; explicitFileType = wrapper.application; includeInIndex = 0; path = StudentFinanceTracker.app; sourceTree = BUILT_PRODUCTS_DIR; };
		7A9B39642DAD883300A7693B /* StudentFinanceTrackerTests.xctest */ = {isa = PBXFileReference; explicitFileType = wrapper.cfbundle; includeInIndex = 0; path = StudentFinanceTrackerTests.xctest; sourceTree = BUILT_PRODUCTS_DIR; };
		7A9B396E2DAD883300A7693B /* StudentFinanceTrackerUITests.xctest */ = {isa = PBXFileReference; explicitFileType = wrapper.cfbundle; includeInIndex = 0; path = StudentFinanceTrackerUITests.xctest; sourceTree = BUILT_PRODUCTS_DIR; };
		7AD14BCD2E0AE63F00834929 /* BalanceWidgetExtension.appex */ = {isa = PBXFileReference; explicitFileType = "wrapper.app-extension"; includeInIndex = 0; path = BalanceWidgetExtension.appex; sourceTree = BUILT_PRODUCTS_DIR; };
		7AD14BCF2E0AE63F00834929 /* WidgetKit.framework */ = {isa = PBXFileReference; lastKnownFileType = wrapper.framework; name = WidgetKit.framework; path = System/Library/Frameworks/WidgetKit.framework; sourceTree = SDKROOT; };
		7AD14BD12E0AE63F00834929 /* SwiftUI.framework */ = {isa = PBXFileReference; lastKnownFileType = wrapper.framework; name = SwiftUI.framework; path = System/Library/Frameworks/SwiftUI.framework; sourceTree = SDKROOT; };
		7AD14BEA2E0AE7AC00834929 /* BalanceWidgetExtension.entitlements */ = {isa = PBXFileReference; lastKnownFileType = text.plist.entitlements; path = BalanceWidgetExtension.entitlements; sourceTree = "<group>"; };
/* End PBXFileReference section */

/* Begin PBXFileSystemSynchronizedBuildFileExceptionSet section */
		7A9B39A72DAD9F8100A7693B /* Exceptions for "StudentFinanceTracker" folder in "StudentFinanceTracker" target */ = {
			isa = PBXFileSystemSynchronizedBuildFileExceptionSet;
			membershipExceptions = (
				Models/CurrencyFormatting.swift,
				ViewModels/BudgetExtension.swift,
				ViewModels/darkMode.swift,
			);
			target = 7A9B39532DAD883100A7693B /* StudentFinanceTracker */;
		};
		7AD14BE82E0AE63F00834929 /* Exceptions for "BalanceWidget" folder in "BalanceWidgetExtension" target */ = {
			isa = PBXFileSystemSynchronizedBuildFileExceptionSet;
			membershipExceptions = (
				Info.plist,
			);
			target = 7AD14BCC2E0AE63F00834929 /* BalanceWidgetExtension */;
		};
		7AD14BED2E0AE9B800834929 /* Exceptions for "StudentFinanceTracker" folder in "BalanceWidgetExtension" target */ = {
			isa = PBXFileSystemSynchronizedBuildFileExceptionSet;
			membershipExceptions = (
				Models/Account.swift,
				Models/Category.swift,
				Models/Transaction.swift,
				Models/UserPreferences.swift,
			);
			target = 7AD14BCC2E0AE63F00834929 /* BalanceWidgetExtension */;
		};
/* End PBXFileSystemSynchronizedBuildFileExceptionSet section */

/* Begin PBXFileSystemSynchronizedGroupBuildPhaseMembershipExceptionSet section */
		7A9B39A82DAD9F8100A7693B /* Exceptions for "StudentFinanceTracker" folder in "Copy Bundle Resources" phase from "StudentFinanceTracker" target */ = {
			isa = PBXFileSystemSynchronizedGroupBuildPhaseMembershipExceptionSet;
			buildPhase = 7A9B39522DAD883100A7693B /* Resources */;
			membershipExceptions = (
				Models/CurrencyFormatting.swift,
				ViewModels/BudgetExtension.swift,
				ViewModels/darkMode.swift,
			);
		};
/* End PBXFileSystemSynchronizedGroupBuildPhaseMembershipExceptionSet section */

/* Begin PBXFileSystemSynchronizedRootGroup section */
		7A9B39562DAD883100A7693B /* StudentFinanceTracker */ = {
			isa = PBXFileSystemSynchronizedRootGroup;
			exceptions = (
				7A9B39A72DAD9F8100A7693B /* Exceptions for "StudentFinanceTracker" folder in "StudentFinanceTracker" target */,
				7A9B39A82DAD9F8100A7693B /* Exceptions for "StudentFinanceTracker" folder in "Copy Bundle Resources" phase from "StudentFinanceTracker" target */,
				7AD14BED2E0AE9B800834929 /* Exceptions for "StudentFinanceTracker" folder in "BalanceWidgetExtension" target */,
			);
			path = StudentFinanceTracker;
			sourceTree = "<group>";
		};
		7A9B39672DAD883300A7693B /* StudentFinanceTrackerTests */ = {
			isa = PBXFileSystemSynchronizedRootGroup;
			path = StudentFinanceTrackerTests;
			sourceTree = "<group>";
		};
		7A9B39712DAD883400A7693B /* StudentFinanceTrackerUITests */ = {
			isa = PBXFileSystemSynchronizedRootGroup;
			path = StudentFinanceTrackerUITests;
			sourceTree = "<group>";
		};
		7AD14BD32E0AE63F00834929 /* BalanceWidget */ = {
			isa = PBXFileSystemSynchronizedRootGroup;
			exceptions = (
				7AD14BE82E0AE63F00834929 /* Exceptions for "BalanceWidget" folder in "BalanceWidgetExtension" target */,
			);
			path = BalanceWidget;
			sourceTree = "<group>";
		};
/* End PBXFileSystemSynchronizedRootGroup section */

/* Begin PBXFrameworksBuildPhase section */
		7A9B39512DAD883100A7693B /* Frameworks */ = {
			isa = PBXFrameworksBuildPhase;
			buildActionMask = 2147483647;
			files = (
				7AD14BEB2E0AE80900834929 /* WidgetKit.framework in Frameworks */,
			);
			runOnlyForDeploymentPostprocessing = 0;
		};
		7A9B39612DAD883300A7693B /* Frameworks */ = {
			isa = PBXFrameworksBuildPhase;
			buildActionMask = 2147483647;
			files = (
			);
			runOnlyForDeploymentPostprocessing = 0;
		};
		7A9B396B2DAD883300A7693B /* Frameworks */ = {
			isa = PBXFrameworksBuildPhase;
			buildActionMask = 2147483647;
			files = (
			);
			runOnlyForDeploymentPostprocessing = 0;
		};
		7AD14BCA2E0AE63F00834929 /* Frameworks */ = {
			isa = PBXFrameworksBuildPhase;
			buildActionMask = 2147483647;
			files = (
				7AD14BD22E0AE63F00834929 /* SwiftUI.framework in Frameworks */,
				7AD14BD02E0AE63F00834929 /* WidgetKit.framework in Frameworks */,
			);
			runOnlyForDeploymentPostprocessing = 0;
		};
/* End PBXFrameworksBuildPhase section */

/* Begin PBXGroup section */
		7A9B394B2DAD883100A7693B = {
			isa = PBXGroup;
			children = (
				7AD14BEA2E0AE7AC00834929 /* BalanceWidgetExtension.entitlements */,
				7A9B39562DAD883100A7693B /* StudentFinanceTracker */,
				7A9B39672DAD883300A7693B /* StudentFinanceTrackerTests */,
				7A9B39712DAD883400A7693B /* StudentFinanceTrackerUITests */,
				7AD14BD32E0AE63F00834929 /* BalanceWidget */,
				7AD14BCE2E0AE63F00834929 /* Frameworks */,
				7A9B39552DAD883100A7693B /* Products */,
			);
			sourceTree = "<group>";
		};
		7A9B39552DAD883100A7693B /* Products */ = {
			isa = PBXGroup;
			children = (
				7A9B39542DAD883100A7693B /* StudentFinanceTracker.app */,
				7A9B39642DAD883300A7693B /* StudentFinanceTrackerTests.xctest */,
				7A9B396E2DAD883300A7693B /* StudentFinanceTrackerUITests.xctest */,
				7AD14BCD2E0AE63F00834929 /* BalanceWidgetExtension.appex */,
			);
			name = Products;
			sourceTree = "<group>";
		};
		7AD14BCE2E0AE63F00834929 /* Frameworks */ = {
			isa = PBXGroup;
			children = (
				7AD14BCF2E0AE63F00834929 /* WidgetKit.framework */,
				7AD14BD12E0AE63F00834929 /* SwiftUI.framework */,
			);
			name = Frameworks;
			sourceTree = "<group>";
		};
/* End PBXGroup section */

/* Begin PBXNativeTarget section */
		7A9B39532DAD883100A7693B /* StudentFinanceTracker */ = {
			isa = PBXNativeTarget;
			buildConfigurationList = 7A9B39782DAD883400A7693B /* Build configuration list for PBXNativeTarget "StudentFinanceTracker" */;
			buildPhases = (
				7A9B39502DAD883100A7693B /* Sources */,
				7A9B39512DAD883100A7693B /* Frameworks */,
				7A9B39522DAD883100A7693B /* Resources */,
				7AD14BE42E0AE63F00834929 /* Embed Foundation Extensions */,
			);
			buildRules = (
			);
			dependencies = (
				7AD14BE22E0AE63F00834929 /* PBXTargetDependency */,
			);
			fileSystemSynchronizedGroups = (
				7A9B39562DAD883100A7693B /* StudentFinanceTracker */,
			);
			name = StudentFinanceTracker;
			packageProductDependencies = (
			);
			productName = StudentFinanceTracker;
			productReference = 7A9B39542DAD883100A7693B /* StudentFinanceTracker.app */;
			productType = "com.apple.product-type.application";
		};
		7A9B39632DAD883300A7693B /* StudentFinanceTrackerTests */ = {
			isa = PBXNativeTarget;
			buildConfigurationList = 7A9B397B2DAD883400A7693B /* Build configuration list for PBXNativeTarget "StudentFinanceTrackerTests" */;
			buildPhases = (
				7A9B39602DAD883300A7693B /* Sources */,
				7A9B39612DAD883300A7693B /* Frameworks */,
				7A9B39622DAD883300A7693B /* Resources */,
			);
			buildRules = (
			);
			dependencies = (
				7A9B39662DAD883300A7693B /* PBXTargetDependency */,
			);
			fileSystemSynchronizedGroups = (
				7A9B39672DAD883300A7693B /* StudentFinanceTrackerTests */,
			);
			name = StudentFinanceTrackerTests;
			packageProductDependencies = (
			);
			productName = StudentFinanceTrackerTests;
			productReference = 7A9B39642DAD883300A7693B /* StudentFinanceTrackerTests.xctest */;
			productType = "com.apple.product-type.bundle.unit-test";
		};
		7A9B396D2DAD883300A7693B /* StudentFinanceTrackerUITests */ = {
			isa = PBXNativeTarget;
			buildConfigurationList = 7A9B397E2DAD883400A7693B /* Build configuration list for PBXNativeTarget "StudentFinanceTrackerUITests" */;
			buildPhases = (
				7A9B396A2DAD883300A7693B /* Sources */,
				7A9B396B2DAD883300A7693B /* Frameworks */,
				7A9B396C2DAD883300A7693B /* Resources */,
			);
			buildRules = (
			);
			dependencies = (
				7A9B39702DAD883300A7693B /* PBXTargetDependency */,
			);
			fileSystemSynchronizedGroups = (
				7A9B39712DAD883400A7693B /* StudentFinanceTrackerUITests */,
			);
			name = StudentFinanceTrackerUITests;
			packageProductDependencies = (
			);
			productName = StudentFinanceTrackerUITests;
			productReference = 7A9B396E2DAD883300A7693B /* StudentFinanceTrackerUITests.xctest */;
			productType = "com.apple.product-type.bundle.ui-testing";
		};
		7AD14BCC2E0AE63F00834929 /* BalanceWidgetExtension */ = {
			isa = PBXNativeTarget;
			buildConfigurationList = 7AD14BE72E0AE63F00834929 /* Build configuration list for PBXNativeTarget "BalanceWidgetExtension" */;
			buildPhases = (
				7AD14BC92E0AE63F00834929 /* Sources */,
				7AD14BCA2E0AE63F00834929 /* Frameworks */,
				7AD14BCB2E0AE63F00834929 /* Resources */,
			);
			buildRules = (
			);
			dependencies = (
			);
			fileSystemSynchronizedGroups = (
				7AD14BD32E0AE63F00834929 /* BalanceWidget */,
			);
			name = BalanceWidgetExtension;
			packageProductDependencies = (
			);
			productName = BalanceWidgetExtension;
			productReference = 7AD14BCD2E0AE63F00834929 /* BalanceWidgetExtension.appex */;
			productType = "com.apple.product-type.app-extension";
		};
/* End PBXNativeTarget section */

/* Begin PBXProject section */
		7A9B394C2DAD883100A7693B /* Project object */ = {
			isa = PBXProject;
			attributes = {
				BuildIndependentTargetsInParallel = 1;
				LastSwiftUpdateCheck = 2600;
				LastUpgradeCheck = 1620;
				TargetAttributes = {
					7A9B39532DAD883100A7693B = {
						CreatedOnToolsVersion = 16.2;
					};
					7A9B39632DAD883300A7693B = {
						CreatedOnToolsVersion = 16.2;
						TestTargetID = 7A9B39532DAD883100A7693B;
					};
					7A9B396D2DAD883300A7693B = {
						CreatedOnToolsVersion = 16.2;
						TestTargetID = 7A9B39532DAD883100A7693B;
					};
					7AD14BCC2E0AE63F00834929 = {
						CreatedOnToolsVersion = 26.0;
					};
				};
			};
			buildConfigurationList = 7A9B394F2DAD883100A7693B /* Build configuration list for PBXProject " " */;
			developmentRegion = en;
			hasScannedForEncodings = 0;
			knownRegions = (
				en,
				Base,
			);
			mainGroup = 7A9B394B2DAD883100A7693B;
			minimizedProjectReferenceProxies = 1;
			preferredProjectObjectVersion = 77;
			productRefGroup = 7A9B39552DAD883100A7693B /* Products */;
			projectDirPath = "";
			projectRoot = "";
			targets = (
				7A9B39532DAD883100A7693B /* StudentFinanceTracker */,
				7A9B39632DAD883300A7693B /* StudentFinanceTrackerTests */,
				7A9B396D2DAD883300A7693B /* StudentFinanceTrackerUITests */,
				7AD14BCC2E0AE63F00834929 /* BalanceWidgetExtension */,
			);
		};
/* End PBXProject section */

/* Begin PBXResourcesBuildPhase section */
		7A9B39522DAD883100A7693B /* Resources */ = {
			isa = PBXResourcesBuildPhase;
			buildActionMask = 2147483647;
			files = (
			);
			runOnlyForDeploymentPostprocessing = 0;
		};
		7A9B39622DAD883300A7693B /* Resources */ = {
			isa = PBXResourcesBuildPhase;
			buildActionMask = 2147483647;
			files = (
			);
			runOnlyForDeploymentPostprocessing = 0;
		};
		7A9B396C2DAD883300A7693B /* Resources */ = {
			isa = PBXResourcesBuildPhase;
			buildActionMask = 2147483647;
			files = (
			);
			runOnlyForDeploymentPostprocessing = 0;
		};
		7AD14BCB2E0AE63F00834929 /* Resources */ = {
			isa = PBXResourcesBuildPhase;
			buildActionMask = 2147483647;
			files = (
			);
			runOnlyForDeploymentPostprocessing = 0;
		};
/* End PBXResourcesBuildPhase section */

/* Begin PBXSourcesBuildPhase section */
		7A9B39502DAD883100A7693B /* Sources */ = {
			isa = PBXSourcesBuildPhase;
			buildActionMask = 2147483647;
			files = (
			);
			runOnlyForDeploymentPostprocessing = 0;
		};
		7A9B39602DAD883300A7693B /* Sources */ = {
			isa = PBXSourcesBuildPhase;
			buildActionMask = 2147483647;
			files = (
			);
			runOnlyForDeploymentPostprocessing = 0;
		};
		7A9B396A2DAD883300A7693B /* Sources */ = {
			isa = PBXSourcesBuildPhase;
			buildActionMask = 2147483647;
			files = (
			);
			runOnlyForDeploymentPostprocessing = 0;
		};
		7AD14BC92E0AE63F00834929 /* Sources */ = {
			isa = PBXSourcesBuildPhase;
			buildActionMask = 2147483647;
			files = (
			);
			runOnlyForDeploymentPostprocessing = 0;
		};
/* End PBXSourcesBuildPhase section */

/* Begin PBXTargetDependency section */
		7A9B39662DAD883300A7693B /* PBXTargetDependency */ = {
			isa = PBXTargetDependency;
			target = 7A9B39532DAD883100A7693B /* StudentFinanceTracker */;
			targetProxy = 7A9B39652DAD883300A7693B /* PBXContainerItemProxy */;
		};
		7A9B39702DAD883300A7693B /* PBXTargetDependency */ = {
			isa = PBXTargetDependency;
			target = 7A9B39532DAD883100A7693B /* StudentFinanceTracker */;
			targetProxy = 7A9B396F2DAD883300A7693B /* PBXContainerItemProxy */;
		};
		7AD14BE22E0AE63F00834929 /* PBXTargetDependency */ = {
			isa = PBXTargetDependency;
			target = 7AD14BCC2E0AE63F00834929 /* BalanceWidgetExtension */;
			targetProxy = 7AD14BE12E0AE63F00834929 /* PBXContainerItemProxy */;
		};
/* End PBXTargetDependency section */

/* Begin XCBuildConfiguration section */
		7A9B39762DAD883400A7693B /* Debug */ = {
			isa = XCBuildConfiguration;
			buildSettings = {
				ALWAYS_SEARCH_USER_PATHS = NO;
				ASSETCATALOG_COMPILER_GENERATE_SWIFT_ASSET_SYMBOL_EXTENSIONS = YES;
				CLANG_ANALYZER_NONNULL = YES;
				CLANG_ANALYZER_NUMBER_OBJECT_CONVERSION = YES_AGGRESSIVE;
				CLANG_CXX_LANGUAGE_STANDARD = "gnu++20";
				CLANG_ENABLE_MODULES = YES;
				CLANG_ENABLE_OBJC_ARC = YES;
				CLANG_ENABLE_OBJC_WEAK = YES;
				CLANG_WARN_BLOCK_CAPTURE_AUTORELEASING = YES;
				CLANG_WARN_BOOL_CONVERSION = YES;
				CLANG_WARN_COMMA = YES;
				CLANG_WARN_CONSTANT_CONVERSION = YES;
				CLANG_WARN_DEPRECATED_OBJC_IMPLEMENTATIONS = YES;
				CLANG_WARN_DIRECT_OBJC_ISA_USAGE = YES_ERROR;
				CLANG_WARN_DOCUMENTATION_COMMENTS = YES;
				CLANG_WARN_EMPTY_BODY = YES;
				CLANG_WARN_ENUM_CONVERSION = YES;
				CLANG_WARN_INFINITE_RECURSION = YES;
				CLANG_WARN_INT_CONVERSION = YES;
				CLANG_WARN_NON_LITERAL_NULL_CONVERSION = YES;
				CLANG_WARN_OBJC_IMPLICIT_RETAIN_SELF = YES;
				CLANG_WARN_OBJC_LITERAL_CONVERSION = YES;
				CLANG_WARN_OBJC_ROOT_CLASS = YES_ERROR;
				CLANG_WARN_QUOTED_INCLUDE_IN_FRAMEWORK_HEADER = YES;
				CLANG_WARN_RANGE_LOOP_ANALYSIS = YES;
				CLANG_WARN_STRICT_PROTOTYPES = YES;
				CLANG_WARN_SUSPICIOUS_MOVE = YES;
				CLANG_WARN_UNGUARDED_AVAILABILITY = YES_AGGRESSIVE;
				CLANG_WARN_UNREACHABLE_CODE = YES;
				CLANG_WARN__DUPLICATE_METHOD_MATCH = YES;
				COPY_PHASE_STRIP = NO;
				DEBUG_INFORMATION_FORMAT = dwarf;
				ENABLE_STRICT_OBJC_MSGSEND = YES;
				ENABLE_TESTABILITY = YES;
				ENABLE_USER_SCRIPT_SANDBOXING = YES;
				GCC_C_LANGUAGE_STANDARD = gnu17;
				GCC_DYNAMIC_NO_PIC = NO;
				GCC_NO_COMMON_BLOCKS = YES;
				GCC_OPTIMIZATION_LEVEL = 0;
				GCC_PREPROCESSOR_DEFINITIONS = (
					"DEBUG=1",
					"$(inherited)",
				);
				GCC_WARN_64_TO_32_BIT_CONVERSION = YES;
				GCC_WARN_ABOUT_RETURN_TYPE = YES_ERROR;
				GCC_WARN_UNDECLARED_SELECTOR = YES;
				GCC_WARN_UNINITIALIZED_AUTOS = YES_AGGRESSIVE;
				GCC_WARN_UNUSED_FUNCTION = YES;
				GCC_WARN_UNUSED_VARIABLE = YES;
				IPHONEOS_DEPLOYMENT_TARGET = 18.2;
				LOCALIZATION_PREFERS_STRING_CATALOGS = YES;
				MTL_ENABLE_DEBUG_INFO = INCLUDE_SOURCE;
				MTL_FAST_MATH = YES;
				ONLY_ACTIVE_ARCH = YES;
				SDKROOT = iphoneos;
				SWIFT_ACTIVE_COMPILATION_CONDITIONS = "DEBUG $(inherited)";
				SWIFT_OPTIMIZATION_LEVEL = "-Onone";
			};
			name = Debug;
		};
		7A9B39772DAD883400A7693B /* Release */ = {
			isa = XCBuildConfiguration;
			buildSettings = {
				ALWAYS_SEARCH_USER_PATHS = NO;
				ASSETCATALOG_COMPILER_GENERATE_SWIFT_ASSET_SYMBOL_EXTENSIONS = YES;
				CLANG_ANALYZER_NONNULL = YES;
				CLANG_ANALYZER_NUMBER_OBJECT_CONVERSION = YES_AGGRESSIVE;
				CLANG_CXX_LANGUAGE_STANDARD = "gnu++20";
				CLANG_ENABLE_MODULES = YES;
				CLANG_ENABLE_OBJC_ARC = YES;
				CLANG_ENABLE_OBJC_WEAK = YES;
				CLANG_WARN_BLOCK_CAPTURE_AUTORELEASING = YES;
				CLANG_WARN_BOOL_CONVERSION = YES;
				CLANG_WARN_COMMA = YES;
				CLANG_WARN_CONSTANT_CONVERSION = YES;
				CLANG_WARN_DEPRECATED_OBJC_IMPLEMENTATIONS = YES;
				CLANG_WARN_DIRECT_OBJC_ISA_USAGE = YES_ERROR;
				CLANG_WARN_DOCUMENTATION_COMMENTS = YES;
				CLANG_WARN_EMPTY_BODY = YES;
				CLANG_WARN_ENUM_CONVERSION = YES;
				CLANG_WARN_INFINITE_RECURSION = YES;
				CLANG_WARN_INT_CONVERSION = YES;
				CLANG_WARN_NON_LITERAL_NULL_CONVERSION = YES;
				CLANG_WARN_OBJC_IMPLICIT_RETAIN_SELF = YES;
				CLANG_WARN_OBJC_LITERAL_CONVERSION = YES;
				CLANG_WARN_OBJC_ROOT_CLASS = YES_ERROR;
				CLANG_WARN_QUOTED_INCLUDE_IN_FRAMEWORK_HEADER = YES;
				CLANG_WARN_RANGE_LOOP_ANALYSIS = YES;
				CLANG_WARN_STRICT_PROTOTYPES = YES;
				CLANG_WARN_SUSPICIOUS_MOVE = YES;
				CLANG_WARN_UNGUARDED_AVAILABILITY = YES_AGGRESSIVE;
				CLANG_WARN_UNREACHABLE_CODE = YES;
				CLANG_WARN__DUPLICATE_METHOD_MATCH = YES;
				COPY_PHASE_STRIP = NO;
				DEBUG_INFORMATION_FORMAT = "dwarf-with-dsym";
				ENABLE_NS_ASSERTIONS = NO;
				ENABLE_STRICT_OBJC_MSGSEND = YES;
				ENABLE_USER_SCRIPT_SANDBOXING = YES;
				GCC_C_LANGUAGE_STANDARD = gnu17;
				GCC_NO_COMMON_BLOCKS = YES;
				GCC_WARN_64_TO_32_BIT_CONVERSION = YES;
				GCC_WARN_ABOUT_RETURN_TYPE = YES_ERROR;
				GCC_WARN_UNDECLARED_SELECTOR = YES;
				GCC_WARN_UNINITIALIZED_AUTOS = YES_AGGRESSIVE;
				GCC_WARN_UNUSED_FUNCTION = YES;
				GCC_WARN_UNUSED_VARIABLE = YES;
				IPHONEOS_DEPLOYMENT_TARGET = 18.2;
				LOCALIZATION_PREFERS_STRING_CATALOGS = YES;
				MTL_ENABLE_DEBUG_INFO = NO;
				MTL_FAST_MATH = YES;
				SDKROOT = iphoneos;
				SWIFT_COMPILATION_MODE = wholemodule;
				VALIDATE_PRODUCT = YES;
			};
			name = Release;
		};
		7A9B39792DAD883400A7693B /* Debug */ = {
			isa = XCBuildConfiguration;
			buildSettings = {
				ASSETCATALOG_COMPILER_APPICON_NAME = AppIcon;
				ASSETCATALOG_COMPILER_GLOBAL_ACCENT_COLOR_NAME = AccentColor;
				ASSETCATALOG_COMPILER_INCLUDE_ALL_APPICON_ASSETS = YES;
				CODE_SIGN_ENTITLEMENTS = StudentFinanceTracker/StudentFinanceTracker.entitlements;
				CODE_SIGN_IDENTITY = "Apple Development";
				CODE_SIGN_STYLE = Automatic;
				CURRENT_PROJECT_VERSION = 2;
				DEVELOPMENT_ASSET_PATHS = "StudentFinanceTracker/Preview\\ Content BalanceWidget BalanceWidgetExtension.entitlements";
				DEVELOPMENT_TEAM = E63NY5ZD35;
				ENABLE_PREVIEWS = YES;
				GENERATE_INFOPLIST_FILE = YES;
				INFOPLIST_KEY_CFBundleDisplayName = Doughs;
				INFOPLIST_KEY_LSApplicationCategoryType = "public.app-category.finance";
				INFOPLIST_KEY_UIApplicationSceneManifest_Generation = YES;
				INFOPLIST_KEY_UIApplicationSupportsIndirectInputEvents = YES;
				INFOPLIST_KEY_UILaunchScreen_Generation = YES;
				INFOPLIST_KEY_UISupportedInterfaceOrientations = UIInterfaceOrientationPortrait;
				INFOPLIST_KEY_UISupportedInterfaceOrientations_iPad = "UIInterfaceOrientationLandscapeLeft UIInterfaceOrientationLandscapeRight UIInterfaceOrientationPortraitUpsideDown";
				LD_RUNPATH_SEARCH_PATHS = (
					"$(inherited)",
					"@executable_path/Frameworks",
				);
				MARKETING_VERSION = 1.0;
				PRODUCT_BUNDLE_IDENTIFIER = tomsp05.StudentFinanceTracker;
				PRODUCT_NAME = "$(TARGET_NAME)";
				PROVISIONING_PROFILE_SPECIFIER = "";
				SUPPORTED_PLATFORMS = "iphoneos iphonesimulator";
				SUPPORTS_MACCATALYST = NO;
				SWIFT_EMIT_LOC_STRINGS = YES;
				SWIFT_VERSION = 5.0;
				TARGETED_DEVICE_FAMILY = 1;
			};
			name = Debug;
		};
		7A9B397A2DAD883400A7693B /* Release */ = {
			isa = XCBuildConfiguration;
			buildSettings = {
				ASSETCATALOG_COMPILER_APPICON_NAME = AppIcon;
				ASSETCATALOG_COMPILER_GLOBAL_ACCENT_COLOR_NAME = AccentColor;
				ASSETCATALOG_COMPILER_INCLUDE_ALL_APPICON_ASSETS = YES;
				CODE_SIGN_ENTITLEMENTS = StudentFinanceTracker/StudentFinanceTracker.entitlements;
				CODE_SIGN_IDENTITY = "Apple Development";
				CODE_SIGN_STYLE = Automatic;
				CURRENT_PROJECT_VERSION = 2;
				DEVELOPMENT_ASSET_PATHS = "StudentFinanceTracker/Preview\\ Content BalanceWidget BalanceWidgetExtension.entitlements";
				DEVELOPMENT_TEAM = E63NY5ZD35;
				ENABLE_PREVIEWS = YES;
				GENERATE_INFOPLIST_FILE = YES;
				INFOPLIST_KEY_CFBundleDisplayName = Doughs;
				INFOPLIST_KEY_LSApplicationCategoryType = "public.app-category.finance";
				INFOPLIST_KEY_UIApplicationSceneManifest_Generation = YES;
				INFOPLIST_KEY_UIApplicationSupportsIndirectInputEvents = YES;
				INFOPLIST_KEY_UILaunchScreen_Generation = YES;
				INFOPLIST_KEY_UISupportedInterfaceOrientations = UIInterfaceOrientationPortrait;
				INFOPLIST_KEY_UISupportedInterfaceOrientations_iPad = "UIInterfaceOrientationLandscapeLeft UIInterfaceOrientationLandscapeRight UIInterfaceOrientationPortraitUpsideDown";
				LD_RUNPATH_SEARCH_PATHS = (
					"$(inherited)",
					"@executable_path/Frameworks",
				);
				MARKETING_VERSION = 1.0;
				PRODUCT_BUNDLE_IDENTIFIER = tomsp05.StudentFinanceTracker;
				PRODUCT_NAME = "$(TARGET_NAME)";
				PROVISIONING_PROFILE_SPECIFIER = "";
				SUPPORTED_PLATFORMS = "iphoneos iphonesimulator";
				SUPPORTS_MACCATALYST = NO;
				SWIFT_EMIT_LOC_STRINGS = YES;
				SWIFT_VERSION = 5.0;
				TARGETED_DEVICE_FAMILY = 1;
			};
			name = Release;
		};
		7A9B397C2DAD883400A7693B /* Debug */ = {
			isa = XCBuildConfiguration;
			buildSettings = {
				BUNDLE_LOADER = "$(TEST_HOST)";
				CODE_SIGN_STYLE = Automatic;
				CURRENT_PROJECT_VERSION = 1;
				DEVELOPMENT_TEAM = E63NY5ZD35;
				GENERATE_INFOPLIST_FILE = YES;
				IPHONEOS_DEPLOYMENT_TARGET = 18.2;
				MARKETING_VERSION = 1.0;
				PRODUCT_BUNDLE_IDENTIFIER = tomsp05.StudentFinanceTrackerTests;
				PRODUCT_NAME = "$(TARGET_NAME)";
				SWIFT_EMIT_LOC_STRINGS = NO;
				SWIFT_VERSION = 5.0;
				TARGETED_DEVICE_FAMILY = "1,2";
				TEST_HOST = "$(BUILT_PRODUCTS_DIR)/StudentFinanceTracker.app/$(BUNDLE_EXECUTABLE_FOLDER_PATH)/StudentFinanceTracker";
			};
			name = Debug;
		};
		7A9B397D2DAD883400A7693B /* Release */ = {
			isa = XCBuildConfiguration;
			buildSettings = {
				BUNDLE_LOADER = "$(TEST_HOST)";
				CODE_SIGN_STYLE = Automatic;
				CURRENT_PROJECT_VERSION = 1;
				DEVELOPMENT_TEAM = E63NY5ZD35;
				GENERATE_INFOPLIST_FILE = YES;
				IPHONEOS_DEPLOYMENT_TARGET = 18.2;
				MARKETING_VERSION = 1.0;
				PRODUCT_BUNDLE_IDENTIFIER = tomsp05.StudentFinanceTrackerTests;
				PRODUCT_NAME = "$(TARGET_NAME)";
				SWIFT_EMIT_LOC_STRINGS = NO;
				SWIFT_VERSION = 5.0;
				TARGETED_DEVICE_FAMILY = "1,2";
				TEST_HOST = "$(BUILT_PRODUCTS_DIR)/StudentFinanceTracker.app/$(BUNDLE_EXECUTABLE_FOLDER_PATH)/StudentFinanceTracker";
			};
			name = Release;
		};
		7A9B397F2DAD883400A7693B /* Debug */ = {
			isa = XCBuildConfiguration;
			buildSettings = {
				CODE_SIGN_STYLE = Automatic;
				CURRENT_PROJECT_VERSION = 1;
				DEVELOPMENT_TEAM = E63NY5ZD35;
				GENERATE_INFOPLIST_FILE = YES;
				MARKETING_VERSION = 1.0;
				PRODUCT_BUNDLE_IDENTIFIER = tomsp05.StudentFinanceTrackerUITests;
				PRODUCT_NAME = "$(TARGET_NAME)";
				SWIFT_EMIT_LOC_STRINGS = NO;
				SWIFT_VERSION = 5.0;
				TARGETED_DEVICE_FAMILY = "1,2";
				TEST_TARGET_NAME = StudentFinanceTracker;
			};
			name = Debug;
		};
		7A9B39802DAD883400A7693B /* Release */ = {
			isa = XCBuildConfiguration;
			buildSettings = {
				CODE_SIGN_STYLE = Automatic;
				CURRENT_PROJECT_VERSION = 1;
				DEVELOPMENT_TEAM = E63NY5ZD35;
				GENERATE_INFOPLIST_FILE = YES;
				MARKETING_VERSION = 1.0;
				PRODUCT_BUNDLE_IDENTIFIER = tomsp05.StudentFinanceTrackerUITests;
				PRODUCT_NAME = "$(TARGET_NAME)";
				SWIFT_EMIT_LOC_STRINGS = NO;
				SWIFT_VERSION = 5.0;
				TARGETED_DEVICE_FAMILY = "1,2";
				TEST_TARGET_NAME = StudentFinanceTracker;
			};
			name = Release;
		};
		7AD14BE52E0AE63F00834929 /* Debug */ = {
			isa = XCBuildConfiguration;
			buildSettings = {
				ASSETCATALOG_COMPILER_GLOBAL_ACCENT_COLOR_NAME = AccentColor;
				ASSETCATALOG_COMPILER_WIDGET_BACKGROUND_COLOR_NAME = WidgetBackground;
				CODE_SIGN_ENTITLEMENTS = BalanceWidgetExtension.entitlements;
				CODE_SIGN_IDENTITY = "Apple Development";
				CODE_SIGN_STYLE = Automatic;
				CURRENT_PROJECT_VERSION = 1;
				DEVELOPMENT_TEAM = E63NY5ZD35;
				GENERATE_INFOPLIST_FILE = YES;
				INFOPLIST_FILE = BalanceWidget/Info.plist;
				INFOPLIST_KEY_CFBundleDisplayName = BalanceWidget;
				INFOPLIST_KEY_NSHumanReadableCopyright = "";
				IPHONEOS_DEPLOYMENT_TARGET = 18.6;
				LD_RUNPATH_SEARCH_PATHS = (
					"$(inherited)",
					"@executable_path/Frameworks",
					"@executable_path/../../Frameworks",
				);
				MARKETING_VERSION = 1.0;
				PRODUCT_BUNDLE_IDENTIFIER = tomsp05.StudentFinanceTracker.BalanceWidget;
				PRODUCT_NAME = "$(TARGET_NAME)";
				SKIP_INSTALL = YES;
				STRING_CATALOG_GENERATE_SYMBOLS = YES;
				SWIFT_EMIT_LOC_STRINGS = YES;
				SWIFT_UPCOMING_FEATURE_MEMBER_IMPORT_VISIBILITY = YES;
				SWIFT_VERSION = 5.0;
				TARGETED_DEVICE_FAMILY = "1,2";
			};
			name = Debug;
		};
		7AD14BE62E0AE63F00834929 /* Release */ = {
			isa = XCBuildConfiguration;
			buildSettings = {
				ASSETCATALOG_COMPILER_GLOBAL_ACCENT_COLOR_NAME = AccentColor;
				ASSETCATALOG_COMPILER_WIDGET_BACKGROUND_COLOR_NAME = WidgetBackground;
				CODE_SIGN_ENTITLEMENTS = BalanceWidgetExtension.entitlements;
				CODE_SIGN_IDENTITY = "Apple Development";
				CODE_SIGN_STYLE = Automatic;
				CURRENT_PROJECT_VERSION = 1;
				DEVELOPMENT_TEAM = E63NY5ZD35;
				GENERATE_INFOPLIST_FILE = YES;
				INFOPLIST_FILE = BalanceWidget/Info.plist;
				INFOPLIST_KEY_CFBundleDisplayName = BalanceWidget;
				INFOPLIST_KEY_NSHumanReadableCopyright = "";
				IPHONEOS_DEPLOYMENT_TARGET = 18.6;
				LD_RUNPATH_SEARCH_PATHS = (
					"$(inherited)",
					"@executable_path/Frameworks",
					"@executable_path/../../Frameworks",
				);
				MARKETING_VERSION = 1.0;
				PRODUCT_BUNDLE_IDENTIFIER = tomsp05.StudentFinanceTracker.BalanceWidget;
				PRODUCT_NAME = "$(TARGET_NAME)";
				SKIP_INSTALL = YES;
				STRING_CATALOG_GENERATE_SYMBOLS = YES;
				SWIFT_EMIT_LOC_STRINGS = YES;
				SWIFT_UPCOMING_FEATURE_MEMBER_IMPORT_VISIBILITY = YES;
				SWIFT_VERSION = 5.0;
				TARGETED_DEVICE_FAMILY = "1,2";
			};
			name = Release;
		};
/* End XCBuildConfiguration section */

/* Begin XCConfigurationList section */
		7A9B394F2DAD883100A7693B /* Build configuration list for PBXProject " " */ = {
			isa = XCConfigurationList;
			buildConfigurations = (
				7A9B39762DAD883400A7693B /* Debug */,
				7A9B39772DAD883400A7693B /* Release */,
			);
			defaultConfigurationIsVisible = 0;
			defaultConfigurationName = Release;
		};
		7A9B39782DAD883400A7693B /* Build configuration list for PBXNativeTarget "StudentFinanceTracker" */ = {
			isa = XCConfigurationList;
			buildConfigurations = (
				7A9B39792DAD883400A7693B /* Debug */,
				7A9B397A2DAD883400A7693B /* Release */,
			);
			defaultConfigurationIsVisible = 0;
			defaultConfigurationName = Release;
		};
		7A9B397B2DAD883400A7693B /* Build configuration list for PBXNativeTarget "StudentFinanceTrackerTests" */ = {
			isa = XCConfigurationList;
			buildConfigurations = (
				7A9B397C2DAD883400A7693B /* Debug */,
				7A9B397D2DAD883400A7693B /* Release */,
			);
			defaultConfigurationIsVisible = 0;
			defaultConfigurationName = Release;
		};
		7A9B397E2DAD883400A7693B /* Build configuration list for PBXNativeTarget "StudentFinanceTrackerUITests" */ = {
			isa = XCConfigurationList;
			buildConfigurations = (
				7A9B397F2DAD883400A7693B /* Debug */,
				7A9B39802DAD883400A7693B /* Release */,
			);
			defaultConfigurationIsVisible = 0;
			defaultConfigurationName = Release;
		};
		7AD14BE72E0AE63F00834929 /* Build configuration list for PBXNativeTarget "BalanceWidgetExtension" */ = {
			isa = XCConfigurationList;
			buildConfigurations = (
				7AD14BE52E0AE63F00834929 /* Debug */,
				7AD14BE62E0AE63F00834929 /* Release */,
			);
			defaultConfigurationIsVisible = 0;
			defaultConfigurationName = Release;
		};
/* End XCConfigurationList section */
	};
	rootObject = 7A9B394C2DAD883100A7693B /* Project object */;
}
